
Microsoft Visual Studio Solution File, Format Version 12.00
# Visual Studio Version 16
VisualStudioVersion = 16.0.31613.86
MinimumVisualStudioVersion = 10.0.40219.1
Project("{FAE04EC0-301F-11D3-BF4B-00C04F79EFBC}") = "Calculos_basicos", "Calculos_basicos\Calculos_basicos.csproj", "{102E902E-B3CC-4A0B-AEEA-50FA51665D01}"
EndProject
Global
	GlobalSection(SolutionConfigurationPlatforms) = preSolution
		Debug|Any CPU = Debug|Any CPU
		Release|Any CPU = Release|Any CPU
	EndGlobalSection
	GlobalSection(ProjectConfigurationPlatforms) = postSolution
		{102E902E-B3CC-4A0B-AEEA-50FA51665D01}.Debug|Any CPU.ActiveCfg = Debug|Any CPU
		{102E902E-B3CC-4A0B-AEEA-50FA51665D01}.Debug|Any CPU.Build.0 = Debug|Any CPU
		{102E902E-B3CC-4A0B-AEEA-50FA51665D01}.Release|Any CPU.ActiveCfg = Release|Any CPU
		{102E902E-B3CC-4A0B-AEEA-50FA51665D01}.Release|Any CPU.Build.0 = Release|Any CPU
	EndGlobalSection
	GlobalSection(SolutionProperties) = preSolution
		HideSolutionNode = FALSE
	EndGlobalSection
	GlobalSection(ExtensibilityGlobals) = postSolution
		SolutionGuid = {6B81758B-5E47-4043-917D-D4538A20987F}
	EndGlobalSection
EndGlobal
